
Microsoft Visual Studio Solution File, Format Version 12.00
# Visual Studio Version 17
VisualStudioVersion = 17.4.33205.214
MinimumVisualStudioVersion = 10.0.40219.1
Project("{FAE04EC0-301F-11D3-BF4B-00C04F79EFBC}") = "BlazorEventAggregator.Server", "BlazorEventAggregator\Server\BlazorEventAggregator.Server.csproj", "{39036D55-7ACD-481F-AC4B-DEEA428273CE}"
EndProject
Project("{FAE04EC0-301F-11D3-BF4B-00C04F79EFBC}") = "BlazorEventAggregator.Client", "BlazorEventAggregator\Client\BlazorEventAggregator.Client.csproj", "{C16B23A1-7B4E-498F-847D-8AE7064EFDBC}"
EndProject
Project("{FAE04EC0-301F-11D3-BF4B-00C04F79EFBC}") = "BlazorEventAggregator.Shared", "BlazorEventAggregator\Shared\BlazorEventAggregator.Shared.csproj", "{C410157D-E447-4A06-890E-CEF24F8F6684}"
EndProject
Global
	GlobalSection(SolutionConfigurationPlatforms) = preSolution
		Debug|Any CPU = Debug|Any CPU
		Release|Any CPU = Release|Any CPU
	EndGlobalSection
	GlobalSection(ProjectConfigurationPlatforms) = postSolution
		{39036D55-7ACD-481F-AC4B-DEEA428273CE}.Debug|Any CPU.ActiveCfg = Debug|Any CPU
		{39036D55-7ACD-481F-AC4B-DEEA428273CE}.Debug|Any CPU.Build.0 = Debug|Any CPU
		{39036D55-7ACD-481F-AC4B-DEEA428273CE}.Release|Any CPU.ActiveCfg = Release|Any CPU
		{39036D55-7ACD-481F-AC4B-DEEA428273CE}.Release|Any CPU.Build.0 = Release|Any CPU
		{C16B23A1-7B4E-498F-847D-8AE7064EFDBC}.Debug|Any CPU.ActiveCfg = Debug|Any CPU
		{C16B23A1-7B4E-498F-847D-8AE7064EFDBC}.Debug|Any CPU.Build.0 = Debug|Any CPU
		{C16B23A1-7B4E-498F-847D-8AE7064EFDBC}.Release|Any CPU.ActiveCfg = Release|Any CPU
		{C16B23A1-7B4E-498F-847D-8AE7064EFDBC}.Release|Any CPU.Build.0 = Release|Any CPU
		{C410157D-E447-4A06-890E-CEF24F8F6684}.Debug|Any CPU.ActiveCfg = Debug|Any CPU
		{C410157D-E447-4A06-890E-CEF24F8F6684}.Debug|Any CPU.Build.0 = Debug|Any CPU
		{C410157D-E447-4A06-890E-CEF24F8F6684}.Release|Any CPU.ActiveCfg = Release|Any CPU
		{C410157D-E447-4A06-890E-CEF24F8F6684}.Release|Any CPU.Build.0 = Release|Any CPU
	EndGlobalSection
	GlobalSection(SolutionProperties) = preSolution
		HideSolutionNode = FALSE
	EndGlobalSection
	GlobalSection(ExtensibilityGlobals) = postSolution
		SolutionGuid = {539ADDB3-7209-4806-ADC7-5EE7BA049FC3}
	EndGlobalSection
EndGlobal
